// !$*UTF8*$!
{
	archiveVersion = 1;
	classes = {
	};
	objectVersion = 56;
	objects = {

/* Begin PBXBuildFile section */
		50A3D7032A2DEF75009AE787 /* AppDelegate.swift in Sources */ = {isa = PBXBuildFile; fileRef = 50A3D7022A2DEF75009AE787 /* AppDelegate.swift */; };
		50A3D7052A2DEF75009AE787 /* SceneDelegate.swift in Sources */ = {isa = PBXBuildFile; fileRef = 50A3D7042A2DEF75009AE787 /* SceneDelegate.swift */; };
		50A3D7072A2DEF75009AE787 /* ViewController.swift in Sources */ = {isa = PBXBuildFile; fileRef = 50A3D7062A2DEF75009AE787 /* ViewController.swift */; };
		50A3D70A2A2DEF75009AE787 /* Main.storyboard in Resources */ = {isa = PBXBuildFile; fileRef = 50A3D7082A2DEF75009AE787 /* Main.storyboard */; };
		50A3D70D2A2DEF75009AE787 /* LoginApp.xcdatamodeld in Sources */ = {isa = PBXBuildFile; fileRef = 50A3D70B2A2DEF75009AE787 /* LoginApp.xcdatamodeld */; };
		50A3D70F2A2DEF76009AE787 /* Assets.xcassets in Resources */ = {isa = PBXBuildFile; fileRef = 50A3D70E2A2DEF76009AE787 /* Assets.xcassets */; };
		50A3D7122A2DEF76009AE787 /* LaunchScreen.storyboard in Resources */ = {isa = PBXBuildFile; fileRef = 50A3D7102A2DEF76009AE787 /* LaunchScreen.storyboard */; };
		50A3D71D2A2DEF76009AE787 /* LoginAppTests.swift in Sources */ = {isa = PBXBuildFile; fileRef = 50A3D71C2A2DEF76009AE787 /* LoginAppTests.swift */; };
		50A3D7272A2DEF76009AE787 /* LoginAppUITests.swift in Sources */ = {isa = PBXBuildFile; fileRef = 50A3D7262A2DEF76009AE787 /* LoginAppUITests.swift */; };
		50A3D7292A2DEF76009AE787 /* LoginAppUITestsLaunchTests.swift in Sources */ = {isa = PBXBuildFile; fileRef = 50A3D7282A2DEF76009AE787 /* LoginAppUITestsLaunchTests.swift */; };
/* End PBXBuildFile section */

/* Begin PBXContainerItemProxy section */
		50A3D7192A2DEF76009AE787 /* PBXContainerItemProxy */ = {
			isa = PBXContainerItemProxy;
			containerPortal = 50A3D6F72A2DEF75009AE787 /* Project object */;
			proxyType = 1;
			remoteGlobalIDString = 50A3D6FE2A2DEF75009AE787;
			remoteInfo = LoginApp;
		};
		50A3D7232A2DEF76009AE787 /* PBXContainerItemProxy */ = {
			isa = PBXContainerItemProxy;
			containerPortal = 50A3D6F72A2DEF75009AE787 /* Project object */;
			proxyType = 1;
			remoteGlobalIDString = 50A3D6FE2A2DEF75009AE787;
			remoteInfo = LoginApp;
		};
/* End PBXContainerItemProxy section */

/* Begin PBXFileReference section */
		50A3D6FF2A2DEF75009AE787 /* LoginApp.app */ = {isa = PBXFileReference; explicitFileType = wrapper.application; includeInIndex = 0; path = LoginApp.app; sourceTree = BUILT_PRODUCTS_DIR; };
		50A3D7022A2DEF75009AE787 /* AppDelegate.swift */ = {isa = PBXFileReference; lastKnownFileType = sourcecode.swift; path = AppDelegate.swift; sourceTree = "<group>"; };
		50A3D7042A2DEF75009AE787 /* SceneDelegate.swift */ = {isa = PBXFileReference; lastKnownFileType = sourcecode.swift; path = SceneDelegate.swift; sourceTree = "<group>"; };
		50A3D7062A2DEF75009AE787 /* ViewController.swift */ = {isa = PBXFileReference; lastKnownFileType = sourcecode.swift; path = ViewController.swift; sourceTree = "<group>"; };
		50A3D7092A2DEF75009AE787 /* Base */ = {isa = PBXFileReference; lastKnownFileType = file.storyboard; name = Base; path = Base.lproj/Main.storyboard; sourceTree = "<group>"; };
		50A3D70C2A2DEF75009AE787 /* LoginApp.xcdatamodel */ = {isa = PBXFileReference; lastKnownFileType = wrapper.xcdatamodel; path = LoginApp.xcdatamodel; sourceTree = "<group>"; };
		50A3D70E2A2DEF76009AE787 /* Assets.xcassets */ = {isa = PBXFileReference; lastKnownFileType = folder.assetcatalog; path = Assets.xcassets; sourceTree = "<group>"; };
		50A3D7112A2DEF76009AE787 /* Base */ = {isa = PBXFileReference; lastKnownFileType = file.storyboard; name = Base; path = Base.lproj/LaunchScreen.storyboard; sourceTree = "<group>"; };
		50A3D7132A2DEF76009AE787 /* Info.plist */ = {isa = PBXFileReference; lastKnownFileType = text.plist.xml; path = Info.plist; sourceTree = "<group>"; };
		50A3D7182A2DEF76009AE787 /* LoginAppTests.xctest */ = {isa = PBXFileReference; explicitFileType = wrapper.cfbundle; includeInIndex = 0; path = LoginAppTests.xctest; sourceTree = BUILT_PRODUCTS_DIR; };
		50A3D71C2A2DEF76009AE787 /* LoginAppTests.swift */ = {isa = PBXFileReference; lastKnownFileType = sourcecode.swift; path = LoginAppTests.swift; sourceTree = "<group>"; };
		50A3D7222A2DEF76009AE787 /* LoginAppUITests.xctest */ = {isa = PBXFileReference; explicitFileType = wrapper.cfbundle; includeInIndex = 0; path = LoginAppUITests.xctest; sourceTree = BUILT_PRODUCTS_DIR; };
		50A3D7262A2DEF76009AE787 /* LoginAppUITests.swift */ = {isa = PBXFileReference; lastKnownFileType = sourcecode.swift; path = LoginAppUITests.swift; sourceTree = "<group>"; };
		50A3D7282A2DEF76009AE787 /* LoginAppUITestsLaunchTests.swift */ = {isa = PBXFileReference; lastKnownFileType = sourcecode.swift; path = LoginAppUITestsLaunchTests.swift; sourceTree = "<group>"; };
/* End PBXFileReference section */

/* Begin PBXFrameworksBuildPhase section */
		50A3D6FC2A2DEF75009AE787 /* Frameworks */ = {
			isa = PBXFrameworksBuildPhase;
			buildActionMask = 2147483647;
			files = (
			);
			runOnlyForDeploymentPostprocessing = 0;
		};
		50A3D7152A2DEF76009AE787 /* Frameworks */ = {
			isa = PBXFrameworksBuildPhase;
			buildActionMask = 2147483647;
			files = (
			);
			runOnlyForDeploymentPostprocessing = 0;
		};
		50A3D71F2A2DEF76009AE787 /* Frameworks */ = {
			isa = PBXFrameworksBuildPhase;
			buildActionMask = 2147483647;
			files = (
			);
			runOnlyForDeploymentPostprocessing = 0;
		};
/* End PBXFrameworksBuildPhase section */

/* Begin PBXGroup section */
		50A3D6F62A2DEF75009AE787 = {
			isa = PBXGroup;
			children = (
				50A3D7012A2DEF75009AE787 /* LoginApp */,
				50A3D71B2A2DEF76009AE787 /* LoginAppTests */,
				50A3D7252A2DEF76009AE787 /* LoginAppUITests */,
				50A3D7002A2DEF75009AE787 /* Products */,
			);
			sourceTree = "<group>";
		};
		50A3D7002A2DEF75009AE787 /* Products */ = {
			isa = PBXGroup;
			children = (
				50A3D6FF2A2DEF75009AE787 /* LoginApp.app */,
				50A3D7182A2DEF76009AE787 /* LoginAppTests.xctest */,
				50A3D7222A2DEF76009AE787 /* LoginAppUITests.xctest */,
			);
			name = Products;
			sourceTree = "<group>";
		};
		50A3D7012A2DEF75009AE787 /* LoginApp */ = {
			isa = PBXGroup;
			children = (
				50A3D7022A2DEF75009AE787 /* AppDelegate.swift */,
				50A3D7042A2DEF75009AE787 /* SceneDelegate.swift */,
				50A3D7062A2DEF75009AE787 /* ViewController.swift */,
				50A3D7082A2DEF75009AE787 /* Main.storyboard */,
				50A3D70E2A2DEF76009AE787 /* Assets.xcassets */,
				50A3D7102A2DEF76009AE787 /* LaunchScreen.storyboard */,
				50A3D7132A2DEF76009AE787 /* Info.plist */,
				50A3D70B2A2DEF75009AE787 /* LoginApp.xcdatamodeld */,
			);
			path = LoginApp;
			sourceTree = "<group>";
		};
		50A3D71B2A2DEF76009AE787 /* LoginAppTests */ = {
			isa = PBXGroup;
			children = (
				50A3D71C2A2DEF76009AE787 /* LoginAppTests.swift */,
			);
			path = LoginAppTests;
			sourceTree = "<group>";
		};
		50A3D7252A2DEF76009AE787 /* LoginAppUITests */ = {
			isa = PBXGroup;
			children = (
				50A3D7262A2DEF76009AE787 /* LoginAppUITests.swift */,
				50A3D7282A2DEF76009AE787 /* LoginAppUITestsLaunchTests.swift */,
			);
			path = LoginAppUITests;
			sourceTree = "<group>";
		};
/* End PBXGroup section */

/* Begin PBXNativeTarget section */
		50A3D6FE2A2DEF75009AE787 /* LoginApp */ = {
			isa = PBXNativeTarget;
			buildConfigurationList = 50A3D72C2A2DEF76009AE787 /* Build configuration list for PBXNativeTarget "LoginApp" */;
			buildPhases = (
				50A3D6FB2A2DEF75009AE787 /* Sources */,
				50A3D6FC2A2DEF75009AE787 /* Frameworks */,
				50A3D6FD2A2DEF75009AE787 /* Resources */,
			);
			buildRules = (
			);
			dependencies = (
			);
			name = LoginApp;
			productName = LoginApp;
			productReference = 50A3D6FF2A2DEF75009AE787 /* LoginApp.app */;
			productType = "com.apple.product-type.application";
		};
		50A3D7172A2DEF76009AE787 /* LoginAppTests */ = {
			isa = PBXNativeTarget;
			buildConfigurationList = 50A3D72F2A2DEF76009AE787 /* Build configuration list for PBXNativeTarget "LoginAppTests" */;
			buildPhases = (
				50A3D7142A2DEF76009AE787 /* Sources */,
				50A3D7152A2DEF76009AE787 /* Frameworks */,
				50A3D7162A2DEF76009AE787 /* Resources */,
			);
			buildRules = (
			);
			dependencies = (
				50A3D71A2A2DEF76009AE787 /* PBXTargetDependency */,
			);
			name = LoginAppTests;
			productName = LoginAppTests;
			productReference = 50A3D7182A2DEF76009AE787 /* LoginAppTests.xctest */;
			productType = "com.apple.product-type.bundle.unit-test";
		};
		50A3D7212A2DEF76009AE787 /* LoginAppUITests */ = {
			isa = PBXNativeTarget;
			buildConfigurationList = 50A3D7322A2DEF76009AE787 /* Build configuration list for PBXNativeTarget "LoginAppUITests" */;
			buildPhases = (
				50A3D71E2A2DEF76009AE787 /* Sources */,
				50A3D71F2A2DEF76009AE787 /* Frameworks */,
				50A3D7202A2DEF76009AE787 /* Resources */,
			);
			buildRules = (
			);
			dependencies = (
				50A3D7242A2DEF76009AE787 /* PBXTargetDependency */,
			);
			name = LoginAppUITests;
			productName = LoginAppUITests;
			productReference = 50A3D7222A2DEF76009AE787 /* LoginAppUITests.xctest */;
			productType = "com.apple.product-type.bundle.ui-testing";
		};
/* End PBXNativeTarget section */

/* Begin PBXProject section */
		50A3D6F72A2DEF75009AE787 /* Project object */ = {
			isa = PBXProject;
			attributes = {
				BuildIndependentTargetsInParallel = 1;
				LastSwiftUpdateCheck = 1430;
				LastUpgradeCheck = 1430;
				TargetAttributes = {
					50A3D6FE2A2DEF75009AE787 = {
						CreatedOnToolsVersion = 14.3;
					};
					50A3D7172A2DEF76009AE787 = {
						CreatedOnToolsVersion = 14.3;
						TestTargetID = 50A3D6FE2A2DEF75009AE787;
					};
					50A3D7212A2DEF76009AE787 = {
						CreatedOnToolsVersion = 14.3;
						TestTargetID = 50A3D6FE2A2DEF75009AE787;
					};
				};
			};
			buildConfigurationList = 50A3D6FA2A2DEF75009AE787 /* Build configuration list for PBXProject "LoginApp" */;
			compatibilityVersion = "Xcode 14.0";
			developmentRegion = en;
			hasScannedForEncodings = 0;
			knownRegions = (
				en,
				Base,
			);
			mainGroup = 50A3D6F62A2DEF75009AE787;
			productRefGroup = 50A3D7002A2DEF75009AE787 /* Products */;
			projectDirPath = "";
			projectRoot = "";
			targets = (
				50A3D6FE2A2DEF75009AE787 /* LoginApp */,
				50A3D7172A2DEF76009AE787 /* LoginAppTests */,
				50A3D7212A2DEF76009AE787 /* LoginAppUITests */,
			);
		};
/* End PBXProject section */

/* Begin PBXResourcesBuildPhase section */
		50A3D6FD2A2DEF75009AE787 /* Resources */ = {
			isa = PBXResourcesBuildPhase;
			buildActionMask = 2147483647;
			files = (
				50A3D7122A2DEF76009AE787 /* LaunchScreen.storyboard in Resources */,
				50A3D70F2A2DEF76009AE787 /* Assets.xcassets in Resources */,
				50A3D70A2A2DEF75009AE787 /* Main.storyboard in Resources */,
			);
			runOnlyForDeploymentPostprocessing = 0;
		};
		50A3D7162A2DEF76009AE787 /* Resources */ = {
			isa = PBXResourcesBuildPhase;
			buildActionMask = 2147483647;
			files = (
			);
			runOnlyForDeploymentPostprocessing = 0;
		};
		50A3D7202A2DEF76009AE787 /* Resources */ = {
			isa = PBXResourcesBuildPhase;
			buildActionMask = 2147483647;
			files = (
			);
			runOnlyForDeploymentPostprocessing = 0;
		};
/* End PBXResourcesBuildPhase section */

/* Begin PBXSourcesBuildPhase section */
		50A3D6FB2A2DEF75009AE787 /* Sources */ = {
			isa = PBXSourcesBuildPhase;
			buildActionMask = 2147483647;
			files = (
				50A3D7072A2DEF75009AE787 /* ViewController.swift in Sources */,
				50A3D7032A2DEF75009AE787 /* AppDelegate.swift in Sources */,
				50A3D7052A2DEF75009AE787 /* SceneDelegate.swift in Sources */,
				50A3D70D2A2DEF75009AE787 /* LoginApp.xcdatamodeld in Sources */,
			);
			runOnlyForDeploymentPostprocessing = 0;
		};
		50A3D7142A2DEF76009AE787 /* Sources */ = {
			isa = PBXSourcesBuildPhase;
			buildActionMask = 2147483647;
			files = (
				50A3D71D2A2DEF76009AE787 /* LoginAppTests.swift in Sources */,
			);
			runOnlyForDeploymentPostprocessing = 0;
		};
		50A3D71E2A2DEF76009AE787 /* Sources */ = {
			isa = PBXSourcesBuildPhase;
			buildActionMask = 2147483647;
			files = (
				50A3D7292A2DEF76009AE787 /* LoginAppUITestsLaunchTests.swift in Sources */,
				50A3D7272A2DEF76009AE787 /* LoginAppUITests.swift in Sources */,
			);
			runOnlyForDeploymentPostprocessing = 0;
		};
/* End PBXSourcesBuildPhase section */

/* Begin PBXTargetDependency section */
		50A3D71A2A2DEF76009AE787 /* PBXTargetDependency */ = {
			isa = PBXTargetDependency;
			target = 50A3D6FE2A2DEF75009AE787 /* LoginApp */;
			targetProxy = 50A3D7192A2DEF76009AE787 /* PBXContainerItemProxy */;
		};
		50A3D7242A2DEF76009AE787 /* PBXTargetDependency */ = {
			isa = PBXTargetDependency;
			target = 50A3D6FE2A2DEF75009AE787 /* LoginApp */;
			targetProxy = 50A3D7232A2DEF76009AE787 /* PBXContainerItemProxy */;
		};
/* End PBXTargetDependency section */

/* Begin PBXVariantGroup section */
		50A3D7082A2DEF75009AE787 /* Main.storyboard */ = {
			isa = PBXVariantGroup;
			children = (
				50A3D7092A2DEF75009AE787 /* Base */,
			);
			name = Main.storyboard;
			sourceTree = "<group>";
		};
		50A3D7102A2DEF76009AE787 /* LaunchScreen.storyboard */ = {
			isa = PBXVariantGroup;
			children = (
				50A3D7112A2DEF76009AE787 /* Base */,
			);
			name = LaunchScreen.storyboard;
			sourceTree = "<group>";
		};
/* End PBXVariantGroup section */

/* Begin XCBuildConfiguration section */
		50A3D72A2A2DEF76009AE787 /* Debug */ = {
			isa = XCBuildConfiguration;
			buildSettings = {
				ALWAYS_SEARCH_USER_PATHS = NO;
				CLANG_ANALYZER_NONNULL = YES;
				CLANG_ANALYZER_NUMBER_OBJECT_CONVERSION = YES_AGGRESSIVE;
				CLANG_CXX_LANGUAGE_STANDARD = "gnu++20";
				CLANG_ENABLE_MODULES = YES;
				CLANG_ENABLE_OBJC_ARC = YES;
				CLANG_ENABLE_OBJC_WEAK = YES;
				CLANG_WARN_BLOCK_CAPTURE_AUTORELEASING = YES;
				CLANG_WARN_BOOL_CONVERSION = YES;
				CLANG_WARN_COMMA = YES;
				CLANG_WARN_CONSTANT_CONVERSION = YES;
				CLANG_WARN_DEPRECATED_OBJC_IMPLEMENTATIONS = YES;
				CLANG_WARN_DIRECT_OBJC_ISA_USAGE = YES_ERROR;
				CLANG_WARN_DOCUMENTATION_COMMENTS = YES;
				CLANG_WARN_EMPTY_BODY = YES;
				CLANG_WARN_ENUM_CONVERSION = YES;
				CLANG_WARN_INFINITE_RECURSION = YES;
				CLANG_WARN_INT_CONVERSION = YES;
				CLANG_WARN_NON_LITERAL_NULL_CONVERSION = YES;
				CLANG_WARN_OBJC_IMPLICIT_RETAIN_SELF = YES;
				CLANG_WARN_OBJC_LITERAL_CONVERSION = YES;
				CLANG_WARN_OBJC_ROOT_CLASS = YES_ERROR;
				CLANG_WARN_QUOTED_INCLUDE_IN_FRAMEWORK_HEADER = YES;
				CLANG_WARN_RANGE_LOOP_ANALYSIS = YES;
				CLANG_WARN_STRICT_PROTOTYPES = YES;
				CLANG_WARN_SUSPICIOUS_MOVE = YES;
				CLANG_WARN_UNGUARDED_AVAILABILITY = YES_AGGRESSIVE;
				CLANG_WARN_UNREACHABLE_CODE = YES;
				CLANG_WARN__DUPLICATE_METHOD_MATCH = YES;
				COPY_PHASE_STRIP = NO;
				DEBUG_INFORMATION_FORMAT = dwarf;
				ENABLE_STRICT_OBJC_MSGSEND = YES;
				ENABLE_TESTABILITY = YES;
				GCC_C_LANGUAGE_STANDARD = gnu11;
				GCC_DYNAMIC_NO_PIC = NO;
				GCC_NO_COMMON_BLOCKS = YES;
				GCC_OPTIMIZATION_LEVEL = 0;
				GCC_PREPROCESSOR_DEFINITIONS = (
					"DEBUG=1",
					"$(inherited)",
				);
				GCC_WARN_64_TO_32_BIT_CONVERSION = YES;
				GCC_WARN_ABOUT_RETURN_TYPE = YES_ERROR;
				GCC_WARN_UNDECLARED_SELECTOR = YES;
				GCC_WARN_UNINITIALIZED_AUTOS = YES_AGGRESSIVE;
				GCC_WARN_UNUSED_FUNCTION = YES;
				GCC_WARN_UNUSED_VARIABLE = YES;
				IPHONEOS_DEPLOYMENT_TARGET = 16.4;
				MTL_ENABLE_DEBUG_INFO = INCLUDE_SOURCE;
				MTL_FAST_MATH = YES;
				ONLY_ACTIVE_ARCH = YES;
				SDKROOT = iphoneos;
				SWIFT_ACTIVE_COMPILATION_CONDITIONS = DEBUG;
				SWIFT_OPTIMIZATION_LEVEL = "-Onone";
			};
			name = Debug;
		};
		50A3D72B2A2DEF76009AE787 /* Release */ = {
			isa = XCBuildConfiguration;
			buildSettings = {
				ALWAYS_SEARCH_USER_PATHS = NO;
				CLANG_ANALYZER_NONNULL = YES;
				CLANG_ANALYZER_NUMBER_OBJECT_CONVERSION = YES_AGGRESSIVE;
				CLANG_CXX_LANGUAGE_STANDARD = "gnu++20";
				CLANG_ENABLE_MODULES = YES;
				CLANG_ENABLE_OBJC_ARC = YES;
				CLANG_ENABLE_OBJC_WEAK = YES;
				CLANG_WARN_BLOCK_CAPTURE_AUTORELEASING = YES;
				CLANG_WARN_BOOL_CONVERSION = YES;
				CLANG_WARN_COMMA = YES;
				CLANG_WARN_CONSTANT_CONVERSION = YES;
				CLANG_WARN_DEPRECATED_OBJC_IMPLEMENTATIONS = YES;
				CLANG_WARN_DIRECT_OBJC_ISA_USAGE = YES_ERROR;
				CLANG_WARN_DOCUMENTATION_COMMENTS = YES;
				CLANG_WARN_EMPTY_BODY = YES;
				CLANG_WARN_ENUM_CONVERSION = YES;
				CLANG_WARN_INFINITE_RECURSION = YES;
				CLANG_WARN_INT_CONVERSION = YES;
				CLANG_WARN_NON_LITERAL_NULL_CONVERSION = YES;
				CLANG_WARN_OBJC_IMPLICIT_RETAIN_SELF = YES;
				CLANG_WARN_OBJC_LITERAL_CONVERSION = YES;
				CLANG_WARN_OBJC_ROOT_CLASS = YES_ERROR;
				CLANG_WARN_QUOTED_INCLUDE_IN_FRAMEWORK_HEADER = YES;
				CLANG_WARN_RANGE_LOOP_ANALYSIS = YES;
				CLANG_WARN_STRICT_PROTOTYPES = YES;
				CLANG_WARN_SUSPICIOUS_MOVE = YES;
				CLANG_WARN_UNGUARDED_AVAILABILITY = YES_AGGRESSIVE;
				CLANG_WARN_UNREACHABLE_CODE = YES;
				CLANG_WARN__DUPLICATE_METHOD_MATCH = YES;
				COPY_PHASE_STRIP = NO;
				DEBUG_INFORMATION_FORMAT = "dwarf-with-dsym";
				ENABLE_NS_ASSERTIONS = NO;
				ENABLE_STRICT_OBJC_MSGSEND = YES;
				GCC_C_LANGUAGE_STANDARD = gnu11;
				GCC_NO_COMMON_BLOCKS = YES;
				GCC_WARN_64_TO_32_BIT_CONVERSION = YES;
				GCC_WARN_ABOUT_RETURN_TYPE = YES_ERROR;
				GCC_WARN_UNDECLARED_SELECTOR = YES;
				GCC_WARN_UNINITIALIZED_AUTOS = YES_AGGRESSIVE;
				GCC_WARN_UNUSED_FUNCTION = YES;
				GCC_WARN_UNUSED_VARIABLE = YES;
				IPHONEOS_DEPLOYMENT_TARGET = 16.4;
				MTL_ENABLE_DEBUG_INFO = NO;
				MTL_FAST_MATH = YES;
				SDKROOT = iphoneos;
				SWIFT_COMPILATION_MODE = wholemodule;
				SWIFT_OPTIMIZATION_LEVEL = "-O";
				VALIDATE_PRODUCT = YES;
			};
			name = Release;
		};
		50A3D72D2A2DEF76009AE787 /* Debug */ = {
			isa = XCBuildConfiguration;
			buildSettings = {
				ASSETCATALOG_COMPILER_APPICON_NAME = AppIcon;
				ASSETCATALOG_COMPILER_GLOBAL_ACCENT_COLOR_NAME = AccentColor;
				CODE_SIGN_STYLE = Automatic;
				CURRENT_PROJECT_VERSION = 1;
				DEVELOPMENT_TEAM = GK9ARA9DRY;
				GENERATE_INFOPLIST_FILE = YES;
				INFOPLIST_FILE = LoginApp/Info.plist;
				INFOPLIST_KEY_UIApplicationSupportsIndirectInputEvents = YES;
				INFOPLIST_KEY_UILaunchStoryboardName = LaunchScreen;
				INFOPLIST_KEY_UIMainStoryboardFile = Main;
				INFOPLIST_KEY_UISupportedInterfaceOrientations_iPad = "UIInterfaceOrientationPortrait UIInterfaceOrientationPortraitUpsideDown UIInterfaceOrientationLandscapeLeft UIInterfaceOrientationLandscapeRight";
				INFOPLIST_KEY_UISupportedInterfaceOrientations_iPhone = "UIInterfaceOrientationPortrait UIInterfaceOrientationLandscapeLeft UIInterfaceOrientationLandscapeRight";
				LD_RUNPATH_SEARCH_PATHS = (
					"$(inherited)",
					"@executable_path/Frameworks",
				);
				MARKETING_VERSION = 1.0;
				PRODUCT_BUNDLE_IDENTIFIER = Max.LoginApp;
				PRODUCT_NAME = "$(TARGET_NAME)";
				SWIFT_EMIT_LOC_STRINGS = YES;
				SWIFT_VERSION = 5.0;
				TARGETED_DEVICE_FAMILY = "1,2";
			};
			name = Debug;
		};
		50A3D72E2A2DEF76009AE787 /* Release */ = {
			isa = XCBuildConfiguration;
			buildSettings = {
				ASSETCATALOG_COMPILER_APPICON_NAME = AppIcon;
				ASSETCATALOG_COMPILER_GLOBAL_ACCENT_COLOR_NAME = AccentColor;
				CODE_SIGN_STYLE = Automatic;
				CURRENT_PROJECT_VERSION = 1;
				DEVELOPMENT_TEAM = GK9ARA9DRY;
				GENERATE_INFOPLIST_FILE = YES;
				INFOPLIST_FILE = LoginApp/Info.plist;
				INFOPLIST_KEY_UIApplicationSupportsIndirectInputEvents = YES;
				INFOPLIST_KEY_UILaunchStoryboardName = LaunchScreen;
				INFOPLIST_KEY_UIMainStoryboardFile = Main;
				INFOPLIST_KEY_UISupportedInterfaceOrientations_iPad = "UIInterfaceOrientationPortrait UIInterfaceOrientationPortraitUpsideDown UIInterfaceOrientationLandscapeLeft UIInterfaceOrientationLandscapeRight";
				INFOPLIST_KEY_UISupportedInterfaceOrientations_iPhone = "UIInterfaceOrientationPortrait UIInterfaceOrientationLandscapeLeft UIInterfaceOrientationLandscapeRight";
				LD_RUNPATH_SEARCH_PATHS = (
					"$(inherited)",
					"@executable_path/Frameworks",
				);
				MARKETING_VERSION = 1.0;
				PRODUCT_BUNDLE_IDENTIFIER = Max.LoginApp;
				PRODUCT_NAME = "$(TARGET_NAME)";
				SWIFT_EMIT_LOC_STRINGS = YES;
				SWIFT_VERSION = 5.0;
				TARGETED_DEVICE_FAMILY = "1,2";
			};
			name = Release;
		};
		50A3D7302A2DEF76009AE787 /* Debug */ = {
			isa = XCBuildConfiguration;
			buildSettings = {
				ALWAYS_EMBED_SWIFT_STANDARD_LIBRARIES = YES;
				BUNDLE_LOADER = "$(TEST_HOST)";
				CODE_SIGN_STYLE = Automatic;
				CURRENT_PROJECT_VERSION = 1;
				DEVELOPMENT_TEAM = GK9ARA9DRY;
				GENERATE_INFOPLIST_FILE = YES;
				IPHONEOS_DEPLOYMENT_TARGET = 16.4;
				MARKETING_VERSION = 1.0;
				PRODUCT_BUNDLE_IDENTIFIER = Max.LoginAppTests;
				PRODUCT_NAME = "$(TARGET_NAME)";
				SWIFT_EMIT_LOC_STRINGS = NO;
				SWIFT_VERSION = 5.0;
				TARGETED_DEVICE_FAMILY = "1,2";
				TEST_HOST = "$(BUILT_PRODUCTS_DIR)/LoginApp.app/$(BUNDLE_EXECUTABLE_FOLDER_PATH)/LoginApp";
			};
			name = Debug;
		};
		50A3D7312A2DEF76009AE787 /* Release */ = {
			isa = XCBuildConfiguration;
			buildSettings = {
				ALWAYS_EMBED_SWIFT_STANDARD_LIBRARIES = YES;
				BUNDLE_LOADER = "$(TEST_HOST)";
				CODE_SIGN_STYLE = Automatic;
				CURRENT_PROJECT_VERSION = 1;
				DEVELOPMENT_TEAM = GK9ARA9DRY;
				GENERATE_INFOPLIST_FILE = YES;
				IPHONEOS_DEPLOYMENT_TARGET = 16.4;
				MARKETING_VERSION = 1.0;
				PRODUCT_BUNDLE_IDENTIFIER = Max.LoginAppTests;
				PRODUCT_NAME = "$(TARGET_NAME)";
				SWIFT_EMIT_LOC_STRINGS = NO;
				SWIFT_VERSION = 5.0;
				TARGETED_DEVICE_FAMILY = "1,2";
				TEST_HOST = "$(BUILT_PRODUCTS_DIR)/LoginApp.app/$(BUNDLE_EXECUTABLE_FOLDER_PATH)/LoginApp";
			};
			name = Release;
		};
		50A3D7332A2DEF76009AE787 /* Debug */ = {
			isa = XCBuildConfiguration;
			buildSettings = {
				ALWAYS_EMBED_SWIFT_STANDARD_LIBRARIES = YES;
				CODE_SIGN_STYLE = Automatic;
				CURRENT_PROJECT_VERSION = 1;
				DEVELOPMENT_TEAM = GK9ARA9DRY;
				GENERATE_INFOPLIST_FILE = YES;
				MARKETING_VERSION = 1.0;
				PRODUCT_BUNDLE_IDENTIFIER = Max.LoginAppUITests;
				PRODUCT_NAME = "$(TARGET_NAME)";
				SWIFT_EMIT_LOC_STRINGS = NO;
				SWIFT_VERSION = 5.0;
				TARGETED_DEVICE_FAMILY = "1,2";
				TEST_TARGET_NAME = LoginApp;
			};
			name = Debug;
		};
		50A3D7342A2DEF76009AE787 /* Release */ = {
			isa = XCBuildConfiguration;
			buildSettings = {
				ALWAYS_EMBED_SWIFT_STANDARD_LIBRARIES = YES;
				CODE_SIGN_STYLE = Automatic;
				CURRENT_PROJECT_VERSION = 1;
				DEVELOPMENT_TEAM = GK9ARA9DRY;
				GENERATE_INFOPLIST_FILE = YES;
				MARKETING_VERSION = 1.0;
				PRODUCT_BUNDLE_IDENTIFIER = Max.LoginAppUITests;
				PRODUCT_NAME = "$(TARGET_NAME)";
				SWIFT_EMIT_LOC_STRINGS = NO;
				SWIFT_VERSION = 5.0;
				TARGETED_DEVICE_FAMILY = "1,2";
				TEST_TARGET_NAME = LoginApp;
			};
			name = Release;
		};
/* End XCBuildConfiguration section */

/* Begin XCConfigurationList section */
		50A3D6FA2A2DEF75009AE787 /* Build configuration list for PBXProject "LoginApp" */ = {
			isa = XCConfigurationList;
			buildConfigurations = (
				50A3D72A2A2DEF76009AE787 /* Debug */,
				50A3D72B2A2DEF76009AE787 /* Release */,
			);
			defaultConfigurationIsVisible = 0;
			defaultConfigurationName = Release;
		};
		50A3D72C2A2DEF76009AE787 /* Build configuration list for PBXNativeTarget "LoginApp" */ = {
			isa = XCConfigurationList;
			buildConfigurations = (
				50A3D72D2A2DEF76009AE787 /* Debug */,
				50A3D72E2A2DEF76009AE787 /* Release */,
			);
			defaultConfigurationIsVisible = 0;
			defaultConfigurationName = Release;
		};
		50A3D72F2A2DEF76009AE787 /* Build configuration list for PBXNativeTarget "LoginAppTests" */ = {
			isa = XCConfigurationList;
			buildConfigurations = (
				50A3D7302A2DEF76009AE787 /* Debug */,
				50A3D7312A2DEF76009AE787 /* Release */,
			);
			defaultConfigurationIsVisible = 0;
			defaultConfigurationName = Release;
		};
		50A3D7322A2DEF76009AE787 /* Build configuration list for PBXNativeTarget "LoginAppUITests" */ = {
			isa = XCConfigurationList;
			buildConfigurations = (
				50A3D7332A2DEF76009AE787 /* Debug */,
				50A3D7342A2DEF76009AE787 /* Release */,
			);
			defaultConfigurationIsVisible = 0;
			defaultConfigurationName = Release;
		};
/* End XCConfigurationList section */

/* Begin XCVersionGroup section */
		50A3D70B2A2DEF75009AE787 /* LoginApp.xcdatamodeld */ = {
			isa = XCVersionGroup;
			children = (
				50A3D70C2A2DEF75009AE787 /* LoginApp.xcdatamodel */,
			);
			currentVersion = 50A3D70C2A2DEF75009AE787 /* LoginApp.xcdatamodel */;
			path = LoginApp.xcdatamodeld;
			sourceTree = "<group>";
			versionGroupType = wrapper.xcdatamodel;
		};
/* End XCVersionGroup section */
	};
	rootObject = 50A3D6F72A2DEF75009AE787 /* Project object */;
}
